Microsoft Visual Studio Solution File, Format Version 12.00
# Visual Studio Version 17
VisualStudioVersion = 17.5.2.0
MinimumVisualStudioVersion = 10.0.40219.1
Project("{FAE04EC0-301F-11D3-BF4B-00C04F79EFBC}") = "Practika4", "Practika4.csproj", "{0F8EFBBA-5AA6-16D5-A8DE-522DCD16A8C4}"
EndProject
Global
	GlobalSection(SolutionConfigurationPlatforms) = preSolution
		Debug|Any CPU = Debug|Any CPU
		Release|Any CPU = Release|Any CPU
	EndGlobalSection
	GlobalSection(ProjectConfigurationPlatforms) = postSolution
		{0F8EFBBA-5AA6-16D5-A8DE-522DCD16A8C4}.Debug|Any CPU.ActiveCfg = Debug|Any CPU
		{0F8EFBBA-5AA6-16D5-A8DE-522DCD16A8C4}.Debug|Any CPU.Build.0 = Debug|Any CPU
		{0F8EFBBA-5AA6-16D5-A8DE-522DCD16A8C4}.Release|Any CPU.ActiveCfg = Release|Any CPU
		{0F8EFBBA-5AA6-16D5-A8DE-522DCD16A8C4}.Release|Any CPU.Build.0 = Release|Any CPU
	EndGlobalSection
	GlobalSection(SolutionProperties) = preSolution
		HideSolutionNode = FALSE
	EndGlobalSection
	GlobalSection(ExtensibilityGlobals) = postSolution
		SolutionGuid = {E5120438-4369-48F3-AFEE-098A7518D50C}
	EndGlobalSection
EndGlobal
