Microsoft Visual Studio Solution File, Format Version 12.00
# Visual Studio Version 17
VisualStudioVersion = 17.5.2.0
MinimumVisualStudioVersion = 10.0.40219.1
Project("{FAE04EC0-301F-11D3-BF4B-00C04F79EFBC}") = "Task3_LargestFile", "Task3_LargestFile.csproj", "{2C5D4CFC-5F54-CA4B-2A3E-24A38921E101}"
EndProject
Global
	GlobalSection(SolutionConfigurationPlatforms) = preSolution
		Debug|Any CPU = Debug|Any CPU
		Release|Any CPU = Release|Any CPU
	EndGlobalSection
	GlobalSection(ProjectConfigurationPlatforms) = postSolution
		{2C5D4CFC-5F54-CA4B-2A3E-24A38921E101}.Debug|Any CPU.ActiveCfg = Debug|Any CPU
		{2C5D4CFC-5F54-CA4B-2A3E-24A38921E101}.Debug|Any CPU.Build.0 = Debug|Any CPU
		{2C5D4CFC-5F54-CA4B-2A3E-24A38921E101}.Release|Any CPU.ActiveCfg = Release|Any CPU
		{2C5D4CFC-5F54-CA4B-2A3E-24A38921E101}.Release|Any CPU.Build.0 = Release|Any CPU
	EndGlobalSection
	GlobalSection(SolutionProperties) = preSolution
		HideSolutionNode = FALSE
	EndGlobalSection
	GlobalSection(ExtensibilityGlobals) = postSolution
		SolutionGuid = {49030C2B-ABAC-4780-AA7A-693ABF7EB48A}
	EndGlobalSection
EndGlobal
