Microsoft Visual Studio Solution File, Format Version 12.00
# Visual Studio Version 17
VisualStudioVersion = 17.5.2.0
MinimumVisualStudioVersion = 10.0.40219.1
Project("{FAE04EC0-301F-11D3-BF4B-00C04F79EFBC}") = "Task1_Climate", "Task1_Climate.csproj", "{9839DFFD-4AB1-314F-B165-9C0C0400BB79}"
EndProject
Global
	GlobalSection(SolutionConfigurationPlatforms) = preSolution
		Debug|Any CPU = Debug|Any CPU
		Release|Any CPU = Release|Any CPU
	EndGlobalSection
	GlobalSection(ProjectConfigurationPlatforms) = postSolution
		{9839DFFD-4AB1-314F-B165-9C0C0400BB79}.Debug|Any CPU.ActiveCfg = Debug|Any CPU
		{9839DFFD-4AB1-314F-B165-9C0C0400BB79}.Debug|Any CPU.Build.0 = Debug|Any CPU
		{9839DFFD-4AB1-314F-B165-9C0C0400BB79}.Release|Any CPU.ActiveCfg = Release|Any CPU
		{9839DFFD-4AB1-314F-B165-9C0C0400BB79}.Release|Any CPU.Build.0 = Release|Any CPU
	EndGlobalSection
	GlobalSection(SolutionProperties) = preSolution
		HideSolutionNode = FALSE
	EndGlobalSection
	GlobalSection(ExtensibilityGlobals) = postSolution
		SolutionGuid = {38EB4B99-A1B2-4F9C-BD3A-A2E3CB324E71}
	EndGlobalSection
EndGlobal
